// !$*UTF8*$!
{
	archiveVersion = 1;
	classes = {
	};
	objectVersion = 51;
	objects = {

/* Begin PBXBuildFile section */
		6032B8C426E060A6F52B3735 /* Pods_CustomLoginDemo.framework in Frameworks */ = {isa = PBXBuildFile; fileRef = 9C017DB4EDD33F665AC3176E /* Pods_CustomLoginDemo.framework */; };
		B447A8362666C07E00AE0259 /* Constants.swift in Sources */ = {isa = PBXBuildFile; fileRef = B447A8352666C07E00AE0259 /* Constants.swift */; };
		B447A8382666C0FB00AE0259 /* Utilites.swift in Sources */ = {isa = PBXBuildFile; fileRef = B447A8372666C0FB00AE0259 /* Utilites.swift */; };
		B447A8492666F68B00AE0259 /* GoogleService-Info .plist in Resources */ = {isa = PBXBuildFile; fileRef = B447A8482666F68B00AE0259 /* GoogleService-Info .plist */; };
		B4C5AFA82663A1FE00A836E7 /* AppDelegate.swift in Sources */ = {isa = PBXBuildFile; fileRef = B4C5AFA72663A1FE00A836E7 /* AppDelegate.swift */; };
		B4C5AFAA2663A1FE00A836E7 /* SceneDelegate.swift in Sources */ = {isa = PBXBuildFile; fileRef = B4C5AFA92663A1FE00A836E7 /* SceneDelegate.swift */; };
		B4C5AFAC2663A1FE00A836E7 /* LoginViewController.swift in Sources */ = {isa = PBXBuildFile; fileRef = B4C5AFAB2663A1FE00A836E7 /* LoginViewController.swift */; };
		B4C5AFAF2663A1FE00A836E7 /* Main.storyboard in Resources */ = {isa = PBXBuildFile; fileRef = B4C5AFAD2663A1FE00A836E7 /* Main.storyboard */; };
		B4C5AFB12663A20100A836E7 /* Assets.xcassets in Resources */ = {isa = PBXBuildFile; fileRef = B4C5AFB02663A20100A836E7 /* Assets.xcassets */; };
		B4C5AFB42663A20100A836E7 /* LaunchScreen.storyboard in Resources */ = {isa = PBXBuildFile; fileRef = B4C5AFB22663A20100A836E7 /* LaunchScreen.storyboard */; };
		B4FC921726646EA400DC246B /* Poppins-SemiBold.ttf in Resources */ = {isa = PBXBuildFile; fileRef = B4FC921626646EA400DC246B /* Poppins-SemiBold.ttf */; };
		B4FC921A26646EC100DC246B /* Poppins-Medium.ttf in Resources */ = {isa = PBXBuildFile; fileRef = B4FC921826646EC100DC246B /* Poppins-Medium.ttf */; };
		B4FC921B26646EC100DC246B /* Poppins-Regular.ttf in Resources */ = {isa = PBXBuildFile; fileRef = B4FC921926646EC100DC246B /* Poppins-Regular.ttf */; };
		B4FC921D266558DD00DC246B /* PaddingTextField.swift in Sources */ = {isa = PBXBuildFile; fileRef = B4FC921C266558DC00DC246B /* PaddingTextField.swift */; };
		B4FC92332666904100DC246B /* DummyHomeViewController.swift in Sources */ = {isa = PBXBuildFile; fileRef = B4FC92322666904100DC246B /* DummyHomeViewController.swift */; };
		B4FC92352666911D00DC246B /* dummySignUpViewController.swift in Sources */ = {isa = PBXBuildFile; fileRef = B4FC92342666911D00DC246B /* dummySignUpViewController.swift */; };
		B4FC92372666916000DC246B /* ViewController.swift in Sources */ = {isa = PBXBuildFile; fileRef = B4FC92362666916000DC246B /* ViewController.swift */; };
/* End PBXBuildFile section */

/* Begin PBXFileReference section */
		9C017DB4EDD33F665AC3176E /* Pods_CustomLoginDemo.framework */ = {isa = PBXFileReference; explicitFileType = wrapper.framework; includeInIndex = 0; path = Pods_CustomLoginDemo.framework; sourceTree = BUILT_PRODUCTS_DIR; };
		B447A8352666C07E00AE0259 /* Constants.swift */ = {isa = PBXFileReference; lastKnownFileType = sourcecode.swift; path = Constants.swift; sourceTree = "<group>"; };
		B447A8372666C0FB00AE0259 /* Utilites.swift */ = {isa = PBXFileReference; lastKnownFileType = sourcecode.swift; path = Utilites.swift; sourceTree = "<group>"; };
		B447A8482666F68B00AE0259 /* GoogleService-Info .plist */ = {isa = PBXFileReference; fileEncoding = 4; lastKnownFileType = text.plist.xml; path = "GoogleService-Info .plist"; sourceTree = "<group>"; };
		B4C5AFA42663A1FE00A836E7 /* CustomLoginDemo.app */ = {isa = PBXFileReference; explicitFileType = wrapper.application; includeInIndex = 0; path = CustomLoginDemo.app; sourceTree = BUILT_PRODUCTS_DIR; };
		B4C5AFA72663A1FE00A836E7 /* AppDelegate.swift */ = {isa = PBXFileReference; lastKnownFileType = sourcecode.swift; path = AppDelegate.swift; sourceTree = "<group>"; };
		B4C5AFA92663A1FE00A836E7 /* SceneDelegate.swift */ = {isa = PBXFileReference; lastKnownFileType = sourcecode.swift; path = SceneDelegate.swift; sourceTree = "<group>"; };
		B4C5AFAB2663A1FE00A836E7 /* LoginViewController.swift */ = {isa = PBXFileReference; lastKnownFileType = sourcecode.swift; path = LoginViewController.swift; sourceTree = "<group>"; };
		B4C5AFAE2663A1FE00A836E7 /* Base */ = {isa = PBXFileReference; lastKnownFileType = file.storyboard; name = Base; path = Base.lproj/Main.storyboard; sourceTree = "<group>"; };
		B4C5AFB02663A20100A836E7 /* Assets.xcassets */ = {isa = PBXFileReference; lastKnownFileType = folder.assetcatalog; path = Assets.xcassets; sourceTree = "<group>"; };
		B4C5AFB32663A20100A836E7 /* Base */ = {isa = PBXFileReference; lastKnownFileType = file.storyboard; name = Base; path = Base.lproj/LaunchScreen.storyboard; sourceTree = "<group>"; };
		B4C5AFB52663A20100A836E7 /* Info.plist */ = {isa = PBXFileReference; lastKnownFileType = text.plist.xml; path = Info.plist; sourceTree = "<group>"; };
		B4FC921626646EA400DC246B /* Poppins-SemiBold.ttf */ = {isa = PBXFileReference; lastKnownFileType = file; path = "Poppins-SemiBold.ttf"; sourceTree = "<group>"; };
		B4FC921826646EC100DC246B /* Poppins-Medium.ttf */ = {isa = PBXFileReference; lastKnownFileType = file; path = "Poppins-Medium.ttf"; sourceTree = "<group>"; };
		B4FC921926646EC100DC246B /* Poppins-Regular.ttf */ = {isa = PBXFileReference; lastKnownFileType = file; path = "Poppins-Regular.ttf"; sourceTree = "<group>"; };
		B4FC921C266558DC00DC246B /* PaddingTextField.swift */ = {isa = PBXFileReference; lastKnownFileType = sourcecode.swift; path = PaddingTextField.swift; sourceTree = "<group>"; };
		B4FC92322666904100DC246B /* DummyHomeViewController.swift */ = {isa = PBXFileReference; lastKnownFileType = sourcecode.swift; path = DummyHomeViewController.swift; sourceTree = "<group>"; };
		B4FC92342666911D00DC246B /* dummySignUpViewController.swift */ = {isa = PBXFileReference; lastKnownFileType = sourcecode.swift; path = dummySignUpViewController.swift; sourceTree = "<group>"; };
		B4FC92362666916000DC246B /* ViewController.swift */ = {isa = PBXFileReference; lastKnownFileType = sourcecode.swift; path = ViewController.swift; sourceTree = "<group>"; };
		B97FBE1ED540670ADFDD84B9 /* Pods-CustomLoginDemo.debug.xcconfig */ = {isa = PBXFileReference; includeInIndex = 1; lastKnownFileType = text.xcconfig; name = "Pods-CustomLoginDemo.debug.xcconfig"; path = "Target Support Files/Pods-CustomLoginDemo/Pods-CustomLoginDemo.debug.xcconfig"; sourceTree = "<group>"; };
		C55C308D550A7BE0643C174B /* Pods-CustomLoginDemo.release.xcconfig */ = {isa = PBXFileReference; includeInIndex = 1; lastKnownFileType = text.xcconfig; name = "Pods-CustomLoginDemo.release.xcconfig"; path = "Target Support Files/Pods-CustomLoginDemo/Pods-CustomLoginDemo.release.xcconfig"; sourceTree = "<group>"; };
/* End PBXFileReference section */

/* Begin PBXFrameworksBuildPhase section */
		B4C5AFA12663A1FE00A836E7 /* Frameworks */ = {
			isa = PBXFrameworksBuildPhase;
			buildActionMask = 2147483647;
			files = (
				6032B8C426E060A6F52B3735 /* Pods_CustomLoginDemo.framework in Frameworks */,
			);
			runOnlyForDeploymentPostprocessing = 0;
		};
/* End PBXFrameworksBuildPhase section */

/* Begin PBXGroup section */
		A084EA52374377EDF6E978B0 /* Pods */ = {
			isa = PBXGroup;
			children = (
				B97FBE1ED540670ADFDD84B9 /* Pods-CustomLoginDemo.debug.xcconfig */,
				C55C308D550A7BE0643C174B /* Pods-CustomLoginDemo.release.xcconfig */,
			);
			path = Pods;
			sourceTree = "<group>";
		};
		B447A8392666C13700AE0259 /* Helpers */ = {
			isa = PBXGroup;
			children = (
				B447A8372666C0FB00AE0259 /* Utilites.swift */,
				B447A8352666C07E00AE0259 /* Constants.swift */,
			);
			path = Helpers;
			sourceTree = "<group>";
		};
		B4C5AF9B2663A1FE00A836E7 = {
			isa = PBXGroup;
			children = (
				B4C5AFA62663A1FE00A836E7 /* CustomLoginDemo */,
				B4C5AFA52663A1FE00A836E7 /* Products */,
				A084EA52374377EDF6E978B0 /* Pods */,
				E7BB68523ABB283147A030E4 /* Frameworks */,
			);
			sourceTree = "<group>";
		};
		B4C5AFA52663A1FE00A836E7 /* Products */ = {
			isa = PBXGroup;
			children = (
				B4C5AFA42663A1FE00A836E7 /* CustomLoginDemo.app */,
			);
			name = Products;
			sourceTree = "<group>";
		};
		B4C5AFA62663A1FE00A836E7 /* CustomLoginDemo */ = {
			isa = PBXGroup;
			children = (
				B447A8482666F68B00AE0259 /* GoogleService-Info .plist */,
				B4C5AFA72663A1FE00A836E7 /* AppDelegate.swift */,
				B4C5AFA92663A1FE00A836E7 /* SceneDelegate.swift */,
				B447A8392666C13700AE0259 /* Helpers */,
				B4FC923126668F8200DC246B /* View Controllers */,
				B4FC921C266558DC00DC246B /* PaddingTextField.swift */,
				B4C5AFAD2663A1FE00A836E7 /* Main.storyboard */,
				B4C5AFB02663A20100A836E7 /* Assets.xcassets */,
				B4C5AFB22663A20100A836E7 /* LaunchScreen.storyboard */,
				B4C5AFB52663A20100A836E7 /* Info.plist */,
				B4FC921326646CFB00DC246B /* fonts */,
			);
			path = CustomLoginDemo;
			sourceTree = "<group>";
		};
		B4FC921326646CFB00DC246B /* fonts */ = {
			isa = PBXGroup;
			children = (
				B4FC921826646EC100DC246B /* Poppins-Medium.ttf */,
				B4FC921926646EC100DC246B /* Poppins-Regular.ttf */,
				B4FC921626646EA400DC246B /* Poppins-SemiBold.ttf */,
			);
			path = fonts;
			sourceTree = "<group>";
		};
		B4FC923126668F8200DC246B /* View Controllers */ = {
			isa = PBXGroup;
			children = (
				B4C5AFAB2663A1FE00A836E7 /* LoginViewController.swift */,
				B4FC92322666904100DC246B /* DummyHomeViewController.swift */,
				B4FC92342666911D00DC246B /* dummySignUpViewController.swift */,
				B4FC92362666916000DC246B /* ViewController.swift */,
			);
			path = "View Controllers";
			sourceTree = "<group>";
		};
		E7BB68523ABB283147A030E4 /* Frameworks */ = {
			isa = PBXGroup;
			children = (
				9C017DB4EDD33F665AC3176E /* Pods_CustomLoginDemo.framework */,
			);
			name = Frameworks;
			sourceTree = "<group>";
		};
/* End PBXGroup section */

/* Begin PBXNativeTarget section */
		B4C5AFA32663A1FE00A836E7 /* CustomLoginDemo */ = {
			isa = PBXNativeTarget;
			buildConfigurationList = B4C5AFB82663A20100A836E7 /* Build configuration list for PBXNativeTarget "CustomLoginDemo" */;
			buildPhases = (
				311039BDE22BDB40E17F52E2 /* [CP] Check Pods Manifest.lock */,
				B4C5AFA02663A1FE00A836E7 /* Sources */,
				B4C5AFA12663A1FE00A836E7 /* Frameworks */,
				B4C5AFA22663A1FE00A836E7 /* Resources */,
				C1442B840778944B45D05AB5 /* [CP] Embed Pods Frameworks */,
			);
			buildRules = (
			);
			dependencies = (
			);
			name = CustomLoginDemo;
			productName = CustomLoginDemo;
			productReference = B4C5AFA42663A1FE00A836E7 /* CustomLoginDemo.app */;
			productType = "com.apple.product-type.application";
		};
/* End PBXNativeTarget section */

/* Begin PBXProject section */
		B4C5AF9C2663A1FE00A836E7 /* Project object */ = {
			isa = PBXProject;
			attributes = {
				LastSwiftUpdateCheck = 1250;
				LastUpgradeCheck = 1250;
				TargetAttributes = {
					B4C5AFA32663A1FE00A836E7 = {
						CreatedOnToolsVersion = 12.5;
					};
				};
			};
			buildConfigurationList = B4C5AF9F2663A1FE00A836E7 /* Build configuration list for PBXProject "CustomLoginDemo" */;
			compatibilityVersion = "Xcode 9.3";
			developmentRegion = en;
			hasScannedForEncodings = 0;
			knownRegions = (
				en,
				Base,
			);
			mainGroup = B4C5AF9B2663A1FE00A836E7;
			productRefGroup = B4C5AFA52663A1FE00A836E7 /* Products */;
			projectDirPath = "";
			projectRoot = "";
			targets = (
				B4C5AFA32663A1FE00A836E7 /* CustomLoginDemo */,
			);
		};
/* End PBXProject section */

/* Begin PBXResourcesBuildPhase section */
		B4C5AFA22663A1FE00A836E7 /* Resources */ = {
			isa = PBXResourcesBuildPhase;
			buildActionMask = 2147483647;
			files = (
				B4FC921726646EA400DC246B /* Poppins-SemiBold.ttf in Resources */,
				B4FC921B26646EC100DC246B /* Poppins-Regular.ttf in Resources */,
				B4C5AFB42663A20100A836E7 /* LaunchScreen.storyboard in Resources */,
				B4FC921A26646EC100DC246B /* Poppins-Medium.ttf in Resources */,
				B4C5AFB12663A20100A836E7 /* Assets.xcassets in Resources */,
				B447A8492666F68B00AE0259 /* GoogleService-Info .plist in Resources */,
				B4C5AFAF2663A1FE00A836E7 /* Main.storyboard in Resources */,
			);
			runOnlyForDeploymentPostprocessing = 0;
		};
/* End PBXResourcesBuildPhase section */

/* Begin PBXShellScriptBuildPhase section */
		311039BDE22BDB40E17F52E2 /* [CP] Check Pods Manifest.lock */ = {
			isa = PBXShellScriptBuildPhase;
			buildActionMask = 2147483647;
			files = (
			);
			inputFileListPaths = (
			);
			inputPaths = (
				"${PODS_PODFILE_DIR_PATH}/Podfile.lock",
				"${PODS_ROOT}/Manifest.lock",
			);
			name = "[CP] Check Pods Manifest.lock";
			outputFileListPaths = (
			);
			outputPaths = (
				"$(DERIVED_FILE_DIR)/Pods-CustomLoginDemo-checkManifestLockResult.txt",
			);
			runOnlyForDeploymentPostprocessing = 0;
			shellPath = /bin/sh;
			shellScript = "diff \"${PODS_PODFILE_DIR_PATH}/Podfile.lock\" \"${PODS_ROOT}/Manifest.lock\" > /dev/null\nif [ $? != 0 ] ; then\n    # print error to STDERR\n    echo \"error: The sandbox is not in sync with the Podfile.lock. Run 'pod install' or update your CocoaPods installation.\" >&2\n    exit 1\nfi\n# This output is used by Xcode 'outputs' to avoid re-running this script phase.\necho \"SUCCESS\" > \"${SCRIPT_OUTPUT_FILE_0}\"\n";
			showEnvVarsInLog = 0;
		};
		C1442B840778944B45D05AB5 /* [CP] Embed Pods Frameworks */ = {
			isa = PBXShellScriptBuildPhase;
			buildActionMask = 2147483647;
			files = (
			);
			inputFileListPaths = (
				"${PODS_ROOT}/Target Support Files/Pods-CustomLoginDemo/Pods-CustomLoginDemo-frameworks-${CONFIGURATION}-input-files.xcfilelist",
			);
			name = "[CP] Embed Pods Frameworks";
			outputFileListPaths = (
				"${PODS_ROOT}/Target Support Files/Pods-CustomLoginDemo/Pods-CustomLoginDemo-frameworks-${CONFIGURATION}-output-files.xcfilelist",
			);
			runOnlyForDeploymentPostprocessing = 0;
			shellPath = /bin/sh;
			shellScript = "\"${PODS_ROOT}/Target Support Files/Pods-CustomLoginDemo/Pods-CustomLoginDemo-frameworks.sh\"\n";
			showEnvVarsInLog = 0;
		};
/* End PBXShellScriptBuildPhase section */

/* Begin PBXSourcesBuildPhase section */
		B4C5AFA02663A1FE00A836E7 /* Sources */ = {
			isa = PBXSourcesBuildPhase;
			buildActionMask = 2147483647;
			files = (
				B4FC92352666911D00DC246B /* dummySignUpViewController.swift in Sources */,
				B447A8382666C0FB00AE0259 /* Utilites.swift in Sources */,
				B4FC92332666904100DC246B /* DummyHomeViewController.swift in Sources */,
				B4C5AFAC2663A1FE00A836E7 /* LoginViewController.swift in Sources */,
				B4FC921D266558DD00DC246B /* PaddingTextField.swift in Sources */,
				B4FC92372666916000DC246B /* ViewController.swift in Sources */,
				B4C5AFA82663A1FE00A836E7 /* AppDelegate.swift in Sources */,
				B4C5AFAA2663A1FE00A836E7 /* SceneDelegate.swift in Sources */,
				B447A8362666C07E00AE0259 /* Constants.swift in Sources */,
			);
			runOnlyForDeploymentPostprocessing = 0;
		};
/* End PBXSourcesBuildPhase section */

/* Begin PBXVariantGroup section */
		B4C5AFAD2663A1FE00A836E7 /* Main.storyboard */ = {
			isa = PBXVariantGroup;
			children = (
				B4C5AFAE2663A1FE00A836E7 /* Base */,
			);
			name = Main.storyboard;
			sourceTree = "<group>";
		};
		B4C5AFB22663A20100A836E7 /* LaunchScreen.storyboard */ = {
			isa = PBXVariantGroup;
			children = (
				B4C5AFB32663A20100A836E7 /* Base */,
			);
			name = LaunchScreen.storyboard;
			sourceTree = "<group>";
		};
/* End PBXVariantGroup section */

/* Begin XCBuildConfiguration section */
		B4C5AFB62663A20100A836E7 /* Debug */ = {
			isa = XCBuildConfiguration;
			buildSettings = {
				ALWAYS_SEARCH_USER_PATHS = NO;
				CLANG_ANALYZER_NONNULL = YES;
				CLANG_ANALYZER_NUMBER_OBJECT_CONVERSION = YES_AGGRESSIVE;
				CLANG_CXX_LANGUAGE_STANDARD = "gnu++14";
				CLANG_CXX_LIBRARY = "libc++";
				CLANG_ENABLE_MODULES = YES;
				CLANG_ENABLE_OBJC_ARC = YES;
				CLANG_ENABLE_OBJC_WEAK = YES;
				CLANG_WARN_BLOCK_CAPTURE_AUTORELEASING = YES;
				CLANG_WARN_BOOL_CONVERSION = YES;
				CLANG_WARN_COMMA = YES;
				CLANG_WARN_CONSTANT_CONVERSION = YES;
				CLANG_WARN_DEPRECATED_OBJC_IMPLEMENTATIONS = YES;
				CLANG_WARN_DIRECT_OBJC_ISA_USAGE = YES_ERROR;
				CLANG_WARN_DOCUMENTATION_COMMENTS = YES;
				CLANG_WARN_EMPTY_BODY = YES;
				CLANG_WARN_ENUM_CONVERSION = YES;
				CLANG_WARN_INFINITE_RECURSION = YES;
				CLANG_WARN_INT_CONVERSION = YES;
				CLANG_WARN_NON_LITERAL_NULL_CONVERSION = YES;
				CLANG_WARN_OBJC_IMPLICIT_RETAIN_SELF = YES;
				CLANG_WARN_OBJC_LITERAL_CONVERSION = YES;
				CLANG_WARN_OBJC_ROOT_CLASS = YES_ERROR;
				CLANG_WARN_QUOTED_INCLUDE_IN_FRAMEWORK_HEADER = YES;
				CLANG_WARN_RANGE_LOOP_ANALYSIS = YES;
				CLANG_WARN_STRICT_PROTOTYPES = YES;
				CLANG_WARN_SUSPICIOUS_MOVE = YES;
				CLANG_WARN_UNGUARDED_AVAILABILITY = YES_AGGRESSIVE;
				CLANG_WARN_UNREACHABLE_CODE = YES;
				CLANG_WARN__DUPLICATE_METHOD_MATCH = YES;
				COPY_PHASE_STRIP = NO;
				DEBUG_INFORMATION_FORMAT = dwarf;
				ENABLE_STRICT_OBJC_MSGSEND = YES;
				ENABLE_TESTABILITY = YES;
				GCC_C_LANGUAGE_STANDARD = gnu11;
				GCC_DYNAMIC_NO_PIC = NO;
				GCC_NO_COMMON_BLOCKS = YES;
				GCC_OPTIMIZATION_LEVEL = 0;
				GCC_PREPROCESSOR_DEFINITIONS = (
					"DEBUG=1",
					"$(inherited)",
				);
				GCC_WARN_64_TO_32_BIT_CONVERSION = YES;
				GCC_WARN_ABOUT_RETURN_TYPE = YES_ERROR;
				GCC_WARN_UNDECLARED_SELECTOR = YES;
				GCC_WARN_UNINITIALIZED_AUTOS = YES_AGGRESSIVE;
				GCC_WARN_UNUSED_FUNCTION = YES;
				GCC_WARN_UNUSED_VARIABLE = YES;
				IPHONEOS_DEPLOYMENT_TARGET = 14.5;
				MTL_ENABLE_DEBUG_INFO = INCLUDE_SOURCE;
				MTL_FAST_MATH = YES;
				ONLY_ACTIVE_ARCH = YES;
				SDKROOT = iphoneos;
				SWIFT_ACTIVE_COMPILATION_CONDITIONS = DEBUG;
				SWIFT_OPTIMIZATION_LEVEL = "-Onone";
			};
			name = Debug;
		};
		B4C5AFB72663A20100A836E7 /* Release */ = {
			isa = XCBuildConfiguration;
			buildSettings = {
				ALWAYS_SEARCH_USER_PATHS = NO;
				CLANG_ANALYZER_NONNULL = YES;
				CLANG_ANALYZER_NUMBER_OBJECT_CONVERSION = YES_AGGRESSIVE;
				CLANG_CXX_LANGUAGE_STANDARD = "gnu++14";
				CLANG_CXX_LIBRARY = "libc++";
				CLANG_ENABLE_MODULES = YES;
				CLANG_ENABLE_OBJC_ARC = YES;
				CLANG_ENABLE_OBJC_WEAK = YES;
				CLANG_WARN_BLOCK_CAPTURE_AUTORELEASING = YES;
				CLANG_WARN_BOOL_CONVERSION = YES;
				CLANG_WARN_COMMA = YES;
				CLANG_WARN_CONSTANT_CONVERSION = YES;
				CLANG_WARN_DEPRECATED_OBJC_IMPLEMENTATIONS = YES;
				CLANG_WARN_DIRECT_OBJC_ISA_USAGE = YES_ERROR;
				CLANG_WARN_DOCUMENTATION_COMMENTS = YES;
				CLANG_WARN_EMPTY_BODY = YES;
				CLANG_WARN_ENUM_CONVERSION = YES;
				CLANG_WARN_INFINITE_RECURSION = YES;
				CLANG_WARN_INT_CONVERSION = YES;
				CLANG_WARN_NON_LITERAL_NULL_CONVERSION = YES;
				CLANG_WARN_OBJC_IMPLICIT_RETAIN_SELF = YES;
				CLANG_WARN_OBJC_LITERAL_CONVERSION = YES;
				CLANG_WARN_OBJC_ROOT_CLASS = YES_ERROR;
				CLANG_WARN_QUOTED_INCLUDE_IN_FRAMEWORK_HEADER = YES;
				CLANG_WARN_RANGE_LOOP_ANALYSIS = YES;
				CLANG_WARN_STRICT_PROTOTYPES = YES;
				CLANG_WARN_SUSPICIOUS_MOVE = YES;
				CLANG_WARN_UNGUARDED_AVAILABILITY = YES_AGGRESSIVE;
				CLANG_WARN_UNREACHABLE_CODE = YES;
				CLANG_WARN__DUPLICATE_METHOD_MATCH = YES;
				COPY_PHASE_STRIP = NO;
				DEBUG_INFORMATION_FORMAT = "dwarf-with-dsym";
				ENABLE_NS_ASSERTIONS = NO;
				ENABLE_STRICT_OBJC_MSGSEND = YES;
				GCC_C_LANGUAGE_STANDARD = gnu11;
				GCC_NO_COMMON_BLOCKS = YES;
				GCC_WARN_64_TO_32_BIT_CONVERSION = YES;
				GCC_WARN_ABOUT_RETURN_TYPE = YES_ERROR;
				GCC_WARN_UNDECLARED_SELECTOR = YES;
				GCC_WARN_UNINITIALIZED_AUTOS = YES_AGGRESSIVE;
				GCC_WARN_UNUSED_FUNCTION = YES;
				GCC_WARN_UNUSED_VARIABLE = YES;
				IPHONEOS_DEPLOYMENT_TARGET = 14.5;
				MTL_ENABLE_DEBUG_INFO = NO;
				MTL_FAST_MATH = YES;
				SDKROOT = iphoneos;
				SWIFT_COMPILATION_MODE = wholemodule;
				SWIFT_OPTIMIZATION_LEVEL = "-O";
				VALIDATE_PRODUCT = YES;
			};
			name = Release;
		};
		B4C5AFB92663A20100A836E7 /* Debug */ = {
			isa = XCBuildConfiguration;
			baseConfigurationReference = B97FBE1ED540670ADFDD84B9 /* Pods-CustomLoginDemo.debug.xcconfig */;
			buildSettings = {
				ASSETCATALOG_COMPILER_APPICON_NAME = AppIcon;
				ASSETCATALOG_COMPILER_GLOBAL_ACCENT_COLOR_NAME = AccentColor;
				CODE_SIGN_STYLE = Automatic;
				INFOPLIST_FILE = CustomLoginDemo/Info.plist;
				LD_RUNPATH_SEARCH_PATHS = (
					"$(inherited)",
					"@executable_path/Frameworks",
				);
				PRODUCT_BUNDLE_IDENTIFIER = com.macmartins.CustomLoginDemo;
				PRODUCT_NAME = "$(TARGET_NAME)";
				SWIFT_VERSION = 5.0;
				TARGETED_DEVICE_FAMILY = "1,2";
			};
			name = Debug;
		};
		B4C5AFBA2663A20100A836E7 /* Release */ = {
			isa = XCBuildConfiguration;
			baseConfigurationReference = C55C308D550A7BE0643C174B /* Pods-CustomLoginDemo.release.xcconfig */;
			buildSettings = {
				ASSETCATALOG_COMPILER_APPICON_NAME = AppIcon;
				ASSETCATALOG_COMPILER_GLOBAL_ACCENT_COLOR_NAME = AccentColor;
				CODE_SIGN_STYLE = Automatic;
				INFOPLIST_FILE = CustomLoginDemo/Info.plist;
				LD_RUNPATH_SEARCH_PATHS = (
					"$(inherited)",
					"@executable_path/Frameworks",
				);
				PRODUCT_BUNDLE_IDENTIFIER = com.macmartins.CustomLoginDemo;
				PRODUCT_NAME = "$(TARGET_NAME)";
				SWIFT_VERSION = 5.0;
				TARGETED_DEVICE_FAMILY = "1,2";
			};
			name = Release;
		};
/* End XCBuildConfiguration section */

/* Begin XCConfigurationList section */
		B4C5AF9F2663A1FE00A836E7 /* Build configuration list for PBXProject "CustomLoginDemo" */ = {
			isa = XCConfigurationList;
			buildConfigurations = (
				B4C5AFB62663A20100A836E7 /* Debug */,
				B4C5AFB72663A20100A836E7 /* Release */,
			);
			defaultConfigurationIsVisible = 0;
			defaultConfigurationName = Release;
		};
		B4C5AFB82663A20100A836E7 /* Build configuration list for PBXNativeTarget "CustomLoginDemo" */ = {
			isa = XCConfigurationList;
			buildConfigurations = (
				B4C5AFB92663A20100A836E7 /* Debug */,
				B4C5AFBA2663A20100A836E7 /* Release */,
			);
			defaultConfigurationIsVisible = 0;
			defaultConfigurationName = Release;
		};
/* End XCConfigurationList section */
	};
	rootObject = B4C5AF9C2663A1FE00A836E7 /* Project object */;
}
